<?xml version="1.0" encoding="utf-8"?>
<Project ToolsVersion="4.0" xmlns="http://schemas.microsoft.com/developer/msbuild/2003">
  <ItemGroup>
    <Filter Include="Common">
      <UniqueIdentifier>{28b23b81-2b7b-4ee7-b3e2-1b919856ab1e}</UniqueIdentifier>
    </Filter>
    <Filter Include="Input">
      <UniqueIdentifier>{7b5f750b-fcf2-421c-940e-0839bd9d83ae}</UniqueIdentifier>
    </Filter>
    <Filter Include="Game">
      <UniqueIdentifier>{c1d2347b-d2b7-4307-8ec0-d604bbb950a1}</UniqueIdentifier>
    </Filter>
    <Filter Include="Graphics">
      <UniqueIdentifier>{b5a37e56-cb6c-422d-8a0e-3ad39a95e8f7}</UniqueIdentifier>
    </Filter>
    <Filter Include="Resource">
      <UniqueIdentifier>{73f26cac-524f-4af1-a6b8-82d7077b6e36}</UniqueIdentifier>
    </Filter>
    <Filter Include="TinyXML">
      <UniqueIdentifier>{f9311fba-f437-48ff-a126-96458b0576f2}</UniqueIdentifier>
    </Filter>
    <Filter Include="DerivedModels">
      <UniqueIdentifier>{1ea65ebc-e2f5-4025-b7da-b9dff7426d5a}</UniqueIdentifier>
    </Filter>
    <Filter Include="DirectoryManager">
      <UniqueIdentifier>{ac4c8ddf-40e5-4d41-9586-375db569805f}</UniqueIdentifier>
    </Filter>
    <Filter Include="WindowsWrapper">
      <UniqueIdentifier>{493610ff-ba31-4dd6-a540-1c11e018f089}</UniqueIdentifier>
    </Filter>
    <Filter Include="IDManager">
      <UniqueIdentifier>{72649a26-1ce8-4366-a61b-360b36f16ef6}</UniqueIdentifier>
    </Filter>
  </ItemGroup>
  <ItemGroup>
    <ClCompile Include="Source\Common\AABB3.cpp">
      <Filter>Common</Filter>
    </ClCompile>
    <ClCompile Include="Source\Common\Bitmap.cpp">
      <Filter>Common</Filter>
    </ClCompile>
    <ClCompile Include="Source\Common\Camera.cpp">
      <Filter>Common</Filter>
    </ClCompile>
    <ClCompile Include="Source\Common\CommonStuff.cpp">
      <Filter>Common</Filter>
    </ClCompile>
    <ClCompile Include="Source\Common\EditTriMesh.cpp">
      <Filter>Common</Filter>
    </ClCompile>
    <ClCompile Include="Source\Common\EulerAngles.cpp">
      <Filter>Common</Filter>
    </ClCompile>
    <ClCompile Include="Source\Common\FontCacheEntry.cpp">
      <Filter>Common</Filter>
    </ClCompile>
    <ClCompile Include="Source\Common\MathUtil.cpp">
      <Filter>Common</Filter>
    </ClCompile>
    <ClCompile Include="Source\Common\Matrix4x3.cpp">
      <Filter>Common</Filter>
    </ClCompile>
    <ClCompile Include="Source\Common\Model.cpp">
      <Filter>Common</Filter>
    </ClCompile>
    <ClCompile Include="Source\Common\plane.cpp">
      <Filter>Common</Filter>
    </ClCompile>
    <ClCompile Include="Source\Common\Quaternion.cpp">
      <Filter>Common</Filter>
    </ClCompile>
    <ClCompile Include="Source\Common\Random.cpp">
      <Filter>Common</Filter>
    </ClCompile>
    <ClCompile Include="Source\Common\Renderer.cpp">
      <Filter>Common</Filter>
    </ClCompile>
    <ClCompile Include="Source\Common\RotationMatrix.cpp">
      <Filter>Common</Filter>
    </ClCompile>
    <ClCompile Include="Source\Common\TextureCacheEntry.cpp">
      <Filter>Common</Filter>
    </ClCompile>
    <ClCompile Include="Source\Common\TriMesh.cpp">
      <Filter>Common</Filter>
    </ClCompile>
    <ClCompile Include="Source\Input\Input.cpp">
      <Filter>Input</Filter>
    </ClCompile>
    <ClCompile Include="Source\Game\GameBase.cpp">
      <Filter>Game</Filter>
    </ClCompile>
    <ClCompile Include="Source\Graphics\IndexBuffer.cpp">
      <Filter>Graphics</Filter>
    </ClCompile>
    <ClCompile Include="Source\Graphics\VertexBufferBase.cpp">
      <Filter>Graphics</Filter>
    </ClCompile>
    <ClCompile Include="Source\Resource\ResourceBase.cpp">
      <Filter>Resource</Filter>
    </ClCompile>
    <ClCompile Include="Source\Resource\ResourceManager.cpp">
      <Filter>Resource</Filter>
    </ClCompile>
    <ClCompile Include="Source\TinyXML\tinystr.cpp">
      <Filter>TinyXML</Filter>
    </ClCompile>
    <ClCompile Include="Source\TinyXML\tinyxml.cpp">
      <Filter>TinyXML</Filter>
    </ClCompile>
    <ClCompile Include="Source\TinyXML\tinyxmlerror.cpp">
      <Filter>TinyXML</Filter>
    </ClCompile>
    <ClCompile Include="Source\TinyXML\tinyxmlparser.cpp">
      <Filter>TinyXML</Filter>
    </ClCompile>
    <ClCompile Include="Source\DerivedModels\AnimatedModel.cpp">
      <Filter>DerivedModels</Filter>
    </ClCompile>
    <ClCompile Include="Source\DirectoryManager\DirectoryManager.cpp">
      <Filter>DirectoryManager</Filter>
    </ClCompile>
    <ClCompile Include="Source\WindowsWrapper\WindowsWrapper.cpp">
      <Filter>WindowsWrapper</Filter>
    </ClCompile>
    <ClCompile Include="Source\IDManager\IDManager.cpp">
      <Filter>IDManager</Filter>
    </ClCompile>
  </ItemGroup>
  <ItemGroup>
    <ClInclude Include="Source\Common\AABB3.h">
      <Filter>Common</Filter>
    </ClInclude>
    <ClInclude Include="Source\Common\Bitmap.h">
      <Filter>Common</Filter>
    </ClInclude>
    <ClInclude Include="Source\Common\Camera.h">
      <Filter>Common</Filter>
    </ClInclude>
    <ClInclude Include="Source\Common\CommonStuff.h">
      <Filter>Common</Filter>
    </ClInclude>
    <ClInclude Include="Source\Common\EditTriMesh.h">
      <Filter>Common</Filter>
    </ClInclude>
    <ClInclude Include="Source\Common\EulerAngles.h">
      <Filter>Common</Filter>
    </ClInclude>
    <ClInclude Include="Source\Common\Font.h">
      <Filter>Common</Filter>
    </ClInclude>
    <ClInclude Include="Source\Common\FontCacheEntry.h">
      <Filter>Common</Filter>
    </ClInclude>
    <ClInclude Include="Source\Common\MathUtil.h">
      <Filter>Common</Filter>
    </ClInclude>
    <ClInclude Include="Source\Common\Matrix4x3.h">
      <Filter>Common</Filter>
    </ClInclude>
    <ClInclude Include="Source\Common\Model.h">
      <Filter>Common</Filter>
    </ClInclude>
    <ClInclude Include="Source\Common\plane.h">
      <Filter>Common</Filter>
    </ClInclude>
    <ClInclude Include="Source\Common\Quaternion.h">
      <Filter>Common</Filter>
    </ClInclude>
    <ClInclude Include="Source\Common\Random.h">
      <Filter>Common</Filter>
    </ClInclude>
    <ClInclude Include="Source\Common\Rectangle.h">
      <Filter>Common</Filter>
    </ClInclude>
    <ClInclude Include="Source\Common\Renderer.h">
      <Filter>Common</Filter>
    </ClInclude>
    <ClInclude Include="Source\Common\RotationMatrix.h">
      <Filter>Common</Filter>
    </ClInclude>
    <ClInclude Include="Source\Common\TextureCacheEntry.h">
      <Filter>Common</Filter>
    </ClInclude>
    <ClInclude Include="Source\Common\TriMesh.h">
      <Filter>Common</Filter>
    </ClInclude>
    <ClInclude Include="Source\Common\vector2.h">
      <Filter>Common</Filter>
    </ClInclude>
    <ClInclude Include="Source\Common\vector3.h">
      <Filter>Common</Filter>
    </ClInclude>
    <ClInclude Include="Source\Input\Input.h">
      <Filter>Input</Filter>
    </ClInclude>
    <ClInclude Include="Source\Game\GameBase.h">
      <Filter>Game</Filter>
    </ClInclude>
    <ClInclude Include="Source\Graphics\IndexBuffer.h">
      <Filter>Graphics</Filter>
    </ClInclude>
    <ClInclude Include="Source\Graphics\VertexBuffer.h">
      <Filter>Graphics</Filter>
    </ClInclude>
    <ClInclude Include="Source\Graphics\VertexBufferBase.h">
      <Filter>Graphics</Filter>
    </ClInclude>
    <ClInclude Include="Source\Graphics\VertexTypes.h">
      <Filter>Graphics</Filter>
    </ClInclude>
    <ClInclude Include="Source\Resource\ResourceBase.h">
      <Filter>Resource</Filter>
    </ClInclude>
    <ClInclude Include="Source\Resource\ResourceManager.h">
      <Filter>Resource</Filter>
    </ClInclude>
    <ClInclude Include="Source\TinyXML\tinystr.h">
      <Filter>TinyXML</Filter>
    </ClInclude>
    <ClInclude Include="Source\TinyXML\tinyxml.h">
      <Filter>TinyXML</Filter>
    </ClInclude>
    <ClInclude Include="Source\DerivedModels\AnimatedModel.h">
      <Filter>DerivedModels</Filter>
    </ClInclude>
    <ClInclude Include="Source\DirectoryManager\DirectoryManager.h">
      <Filter>DirectoryManager</Filter>
    </ClInclude>
    <ClInclude Include="Source\WindowsWrapper\WindowsWrapper.h">
      <Filter>WindowsWrapper</Filter>
    </ClInclude>
    <ClInclude Include="Source\IDManager\IDManager.h">
      <Filter>IDManager</Filter>
    </ClInclude>
  </ItemGroup>
</Project>